<?xml version="1.0" encoding="utf-8"?>
<Project ToolsVersion="4.0" xmlns="http://schemas.microsoft.com/developer/msbuild/2003">
  <ItemGroup>
    <Filter Include="Source Files">
      <UniqueIdentifier>{4FC737F1-C7A5-4376-A066-2A32D752A2FF}</UniqueIdentifier>
      <Extensions>cpp;c;cc;cxx;def;odl;idl;hpj;bat;asm;asmx</Extensions>
    </Filter>
    <Filter Include="Header Files">
      <UniqueIdentifier>{93995380-89BD-4b04-88EB-625FBE52EBFB}</UniqueIdentifier>
      <Extensions>h;hh;hpp;hxx;hm;inl;inc;xsd</Extensions>
    </Filter>
    <Filter Include="Resource Files">
      <UniqueIdentifier>{67DA6AB6-F800-4c08-8B7A-83BB121AAD01}</UniqueIdentifier>
      <Extensions>rc;ico;cur;bmp;dlg;rc2;rct;bin;rgs;gif;jpg;jpeg;jpe;resx;tiff;tif;png;wav;mfcribbon-ms</Extensions>
    </Filter>
  </ItemGroup>
  <ItemGroup>
    <ClInclude Include="BinomialTree.hpp">
      <Filter>Header Files</Filter>
    </ClInclude>
    <ClInclude Include="TrinomialTree.hpp">
      <Filter>Header Files</Filter>
    </ClInclude>
    <ClInclude Include="OptionFunc.hpp">
      <Filter>Header Files</Filter>
    </ClInclude>
    <ClInclude Include="Option.hpp">
      <Filter>Header Files</Filter>
    </ClInclude>
    <ClInclude Include="NumericalMethod.hpp">
      <Filter>Header Files</Filter>
    </ClInclude>
    <ClInclude Include="MonteCarlo.hpp">
      <Filter>Header Files</Filter>
    </ClInclude>
    <ClInclude Include="HW4.hpp">
      <Filter>Header Files</Filter>
    </ClInclude>
    <ClInclude Include="HW3.hpp">
      <Filter>Header Files</Filter>
    </ClInclude>
    <ClInclude Include="HW2.hpp">
      <Filter>Header Files</Filter>
    </ClInclude>
    <ClInclude Include="HW1.hpp">
      <Filter>Header Files</Filter>
    </ClInclude>
    <ClInclude Include="FiniteDifference.hpp">
      <Filter>Header Files</Filter>
    </ClInclude>
  </ItemGroup>
  <ItemGroup>
    <ClCompile Include="BinomialTree.cpp">
      <Filter>Source Files</Filter>
    </ClCompile>
    <ClCompile Include="TrinomialTree.cpp">
      <Filter>Source Files</Filter>
    </ClCompile>
    <ClCompile Include="OptionFunc.cpp">
      <Filter>Source Files</Filter>
    </ClCompile>
    <ClCompile Include="Option.cpp">
      <Filter>Source Files</Filter>
    </ClCompile>
    <ClCompile Include="NumericalMethod.cpp">
      <Filter>Source Files</Filter>
    </ClCompile>
    <ClCompile Include="MonteCarlo.cpp">
      <Filter>Source Files</Filter>
    </ClCompile>
    <ClCompile Include="main.cpp">
      <Filter>Source Files</Filter>
    </ClCompile>
    <ClCompile Include="HW4.cpp">
      <Filter>Source Files</Filter>
    </ClCompile>
    <ClCompile Include="HW3.cpp">
      <Filter>Source Files</Filter>
    </ClCompile>
    <ClCompile Include="HW2.cpp">
      <Filter>Source Files</Filter>
    </ClCompile>
    <ClCompile Include="HW1.cpp">
      <Filter>Source Files</Filter>
    </ClCompile>
    <ClCompile Include="FiniteDifference.cpp">
      <Filter>Source Files</Filter>
    </ClCompile>
  </ItemGroup>
</Project>